{
    "_meta": {
        "hash": {
            "sha256": "ec1fd0936ed5ba1b49858597a9e6e70867660f0c5cdb8e31a1b72e3d11ae5258"
        },
        "pipfile-spec": 6,
        "requires": {
            "python_version": "3.7"
        },
        "sources": [
            {
                "name": "pypi",
                "url": "https://pypi.org/simple",
                "verify_ssl": true
            }
        ]
    },
    "default": {
        "pymaging": {
            "git": "git://github.com/ojii/pymaging.git",
            "ref": "596a08fce5664e58d6e8c96847393fbe987783f2"
        },
        "pymaging-png": {
            "git": "git://github.com/ojii/pymaging-png.git",
            "ref": "83d85c44e4b2342818e6c068065e031a9f81bb9f"
        },
        "qrcode": {
            "hashes": [
                "sha256:3996ee560fc39532910603704c82980ff6d4d5d629f9c3f25f34174ce8606cf5",
                "sha256:505253854f607f2abf4d16092c61d4e9d511a3b4392e60bff957a68592b04369"
            ],
            "index": "pypi",
            "version": "==6.1"
        },
        "six": {
            "hashes": [
                "sha256:3350809f0555b11f552448330d0b52d5f24c91a322ea4a15ef22629740f3761c",
                "sha256:d16a0141ec1a18405cd4ce8b4613101da75da0e9a7aec5bdd4fa804d0e0eba73"
            ],
            "version": "==1.12.0"
        }
    },
    "develop": {}
}
